
Microsoft Visual Studio Solution File, Format Version 12.00
# Visual Studio 15
VisualStudioVersion = 15.0.27130.2010
MinimumVisualStudioVersion = 10.0.40219.1
Project("{FAE04EC0-301F-11D3-BF4B-00C04F79EFBC}") = "WebApplication1", "WebApplication1\WebApplication1.csproj", "{E1EEBB5C-EB56-4540-93BB-53B001AD28BD}"
EndProject
Global
	GlobalSection(SolutionConfigurationPlatforms) = preSolution
		Debug|Any CPU = Debug|Any CPU
		Release|Any CPU = Release|Any CPU
	EndGlobalSection
	GlobalSection(ProjectConfigurationPlatforms) = postSolution
		{E1EEBB5C-EB56-4540-93BB-53B001AD28BD}.Debug|Any CPU.ActiveCfg = Debug|Any CPU
		{E1EEBB5C-EB56-4540-93BB-53B001AD28BD}.Debug|Any CPU.Build.0 = Debug|Any CPU
		{E1EEBB5C-EB56-4540-93BB-53B001AD28BD}.Release|Any CPU.ActiveCfg = Release|Any CPU
		{E1EEBB5C-EB56-4540-93BB-53B001AD28BD}.Release|Any CPU.Build.0 = Release|Any CPU
	EndGlobalSection
	GlobalSection(SolutionProperties) = preSolution
		HideSolutionNode = FALSE
	EndGlobalSection
	GlobalSection(ExtensibilityGlobals) = postSolution
		SolutionGuid = {388A7C09-D197-43A8-89EA-457520D59C39}
	EndGlobalSection
EndGlobal
